
Microsoft Visual Studio Solution File, Format Version 12.00
# Visual Studio Version 17
VisualStudioVersion = 17.5.002.0
MinimumVisualStudioVersion = 10.0.40219.1
Project("{9A19103F-16F7-4668-BE54-9A1E7A4F7556}") = "Abstract_Factory", "Abstract_Factory.csproj", "{D9021658-BD3E-49BD-A843-89A93CB6DC83}"
EndProject
Global
	GlobalSection(SolutionConfigurationPlatforms) = preSolution
		Debug|Any CPU = Debug|Any CPU
		Release|Any CPU = Release|Any CPU
	EndGlobalSection
	GlobalSection(ProjectConfigurationPlatforms) = postSolution
		{D9021658-BD3E-49BD-A843-89A93CB6DC83}.Debug|Any CPU.ActiveCfg = Debug|Any CPU
		{D9021658-BD3E-49BD-A843-89A93CB6DC83}.Debug|Any CPU.Build.0 = Debug|Any CPU
		{D9021658-BD3E-49BD-A843-89A93CB6DC83}.Release|Any CPU.ActiveCfg = Release|Any CPU
		{D9021658-BD3E-49BD-A843-89A93CB6DC83}.Release|Any CPU.Build.0 = Release|Any CPU
	EndGlobalSection
	GlobalSection(SolutionProperties) = preSolution
		HideSolutionNode = FALSE
	EndGlobalSection
	GlobalSection(ExtensibilityGlobals) = postSolution
		SolutionGuid = {098B8B68-0B01-4CA2-BFB0-05FF71C283EE}
	EndGlobalSection
EndGlobal
